
Microsoft Visual Studio Solution File, Format Version 12.00
# Visual Studio Version 17
VisualStudioVersion = 17.12.35707.178 d17.12
MinimumVisualStudioVersion = 10.0.40219.1
Project("{FAE04EC0-301F-11D3-BF4B-00C04F79EFBC}") = "OrangeHRM.Tests", "OrangeHRM.Tests.csproj", "{61DE73F6-B4FF-4509-AF21-8ABF4A3C3FEA}"
EndProject
Global
	GlobalSection(SolutionConfigurationPlatforms) = preSolution
		Debug|Any CPU = Debug|Any CPU
		Release|Any CPU = Release|Any CPU
	EndGlobalSection
	GlobalSection(ProjectConfigurationPlatforms) = postSolution
		{61DE73F6-B4FF-4509-AF21-8ABF4A3C3FEA}.Debug|Any CPU.ActiveCfg = Debug|Any CPU
		{61DE73F6-B4FF-4509-AF21-8ABF4A3C3FEA}.Debug|Any CPU.Build.0 = Debug|Any CPU
		{61DE73F6-B4FF-4509-AF21-8ABF4A3C3FEA}.Release|Any CPU.ActiveCfg = Release|Any CPU
		{61DE73F6-B4FF-4509-AF21-8ABF4A3C3FEA}.Release|Any CPU.Build.0 = Release|Any CPU
	EndGlobalSection
	GlobalSection(SolutionProperties) = preSolution
		HideSolutionNode = FALSE
	EndGlobalSection
EndGlobal
